{
  "version": 4,
  "terraform_version": "1.5.5",
  "serial": 19,
  "lineage": "facddf25-a1d0-41f0-2595-735c16297173",
  "outputs": {
    "client_cert": {
      "value": {
        "ca_cert_pem": "-----BEGIN CERTIFICATE-----\nMIIBXjCCARCgAwIBAgIQLhmH8/XD6zv7m/qJSQd+rzAFBgMrZXAwLzESMBAGA1UE\nChMJQUNNRSwgSW5jMRkwFwYDVQQDExB0ZXN0LW1hdGNoYm94LWNhMB4XDTIzMDgx\nODEzNDcyNFoXDTIzMDgxOTAxNDcyNFowLzESMBAGA1UEChMJQUNNRSwgSW5jMRkw\nFwYDVQQDExB0ZXN0LW1hdGNoYm94LWNhMCowBQYDK2VwAyEAV8JOEOLt8oAVLnEA\nFnUfueG9vT5y1Ad1XGcDZgcc9BKjQjBAMA4GA1UdDwEB/wQEAwIBhjAPBgNVHRMB\nAf8EBTADAQH/MB0GA1UdDgQWBBROf0tGixJEJAf0G8YGCxCLtURvRDAFBgMrZXAD\nQQDaT4bVRJHfC99fo7QijccUbBbVLE/iPU1qQ5tywNM9I8w2i7d+vWNHP1CrdZri\nbcfUd6toE/1JhDRC637qYRgK\n-----END CERTIFICATE-----\n",
        "cert_pem": "-----BEGIN CERTIFICATE-----\nMIIBdjCCASigAwIBAgIQEQ1p0KuNXRHFcTM28bWyYTAFBgMrZXAwLzESMBAGA1UE\nChMJQUNNRSwgSW5jMRkwFwYDVQQDExB0ZXN0LW1hdGNoYm94LWNhMB4XDTIzMDgx\nODEzNDcyNFoXDTIzMDgxOTAxNDcyNFowMzESMBAGA1UEChMJQUNNRSwgSW5jMR0w\nGwYDVQQDExR0ZXN0LW1hdGNoYm94LWNsaWVudDAqMAUGAytlcAMhAA0teqgtIPoZ\ncre78GPZCMHrEt56hV4T3I3a0wzAPV6Jo1YwVDAOBgNVHQ8BAf8EBAMCBeAwEwYD\nVR0lBAwwCgYIKwYBBQUHAwIwDAYDVR0TAQH/BAIwADAfBgNVHSMEGDAWgBROf0tG\nixJEJAf0G8YGCxCLtURvRDAFBgMrZXADQQB8ymCBG2+kF14iqBut29ll/2TQW5pe\nwgk8PuF57SWGTiKDbps8kYXMwRD7P8CZipmJg97B8nX9U+8ixv25eCkH\n-----END CERTIFICATE-----\n",
        "private_key_pem": "-----BEGIN PRIVATE KEY-----\nMC4CAQAwBQYDK2VwBCIEIH1RVZpQjeVmiFHCG9ZaX03DLP7/YS6Jt3b2FLhgPonV\n-----END PRIVATE KEY-----\n"
      },
      "type": [
        "object",
        {
          "ca_cert_pem": "string",
          "cert_pem": "string",
          "private_key_pem": "string"
        }
      ],
      "sensitive": true
    }
  },
  "resources": [
    {
      "mode": "managed",
      "type": "docker_container",
      "name": "copy_ipxe",
      "provider": "provider[\"registry.terraform.io/kreuzwerker/docker\"]",
      "instances": [
        {
          "schema_version": 2,
          "attributes": {
            "attach": true,
            "bridge": "",
            "capabilities": [],
            "cgroupns_mode": null,
            "command": [
              "sh",
              "-c",
              "    mkdir -p /mnt/ipxe/x86_64 /mnt/ipxe/aarch64\n    cp -f /ipxe/src/bin-x86_64-efi/*.efi     /mnt/ipxe/x86_64/\n    cp -f /ipxe/src/bin-x86_64-pcbios/*.kpxe /mnt/ipxe/x86_64/\n    cp -f /ipxe/src/bin-arm64-efi/*.efi      /mnt/ipxe/aarch64/\n    chmod 644 /mnt/ipxe/x86_64/* /mnt/ipxe/aarch64/*\n"
            ],
            "container_logs": null,
            "container_read_refresh_timeout_milliseconds": 15000,
            "cpu_set": "",
            "cpu_shares": 0,
            "destroy_grace_seconds": null,
            "devices": [],
            "dns": null,
            "dns_opts": null,
            "dns_search": null,
            "domainname": "",
            "entrypoint": [],
            "env": [],
            "exit_code": 0,
            "gpus": null,
            "group_add": null,
            "healthcheck": null,
            "host": [],
            "hostname": "0bdf18dc96ab",
            "id": "0bdf18dc96abceb4b9c6f11e6248eb00ba47596610bc8320adc59b73344274bb",
            "image": "sha256:d6430c7ba434198b9bcae46b6f289499bab82b0e25772d8872265b9d6526d885",
            "init": false,
            "ipc_mode": "private",
            "labels": [],
            "log_driver": "json-file",
            "log_opts": null,
            "logs": false,
            "max_retry_count": 0,
            "memory": 0,
            "memory_swap": 0,
            "mounts": [],
            "must_run": false,
            "name": "copy_ipxe2",
            "network_data": [
              {
                "gateway": "",
                "global_ipv6_address": "",
                "global_ipv6_prefix_length": 0,
                "ip_address": "",
                "ip_prefix_length": 0,
                "ipv6_gateway": "",
                "mac_address": "",
                "network_name": "bridge"
              }
            ],
            "network_mode": "default",
            "networks_advanced": [],
            "pid_mode": "",
            "ports": [],
            "privileged": false,
            "publish_all_ports": false,
            "read_only": false,
            "remove_volumes": true,
            "restart": "no",
            "rm": false,
            "runtime": "runc",
            "security_opts": [],
            "shm_size": 64,
            "start": true,
            "stdin_open": false,
            "stop_signal": "",
            "stop_timeout": 0,
            "storage_opts": null,
            "sysctls": null,
            "tmpfs": null,
            "tty": false,
            "ulimit": [],
            "upload": [],
            "user": "",
            "userns_mode": "",
            "volumes": [
              {
                "container_path": "/mnt",
                "from_container": "",
                "host_path": "",
                "read_only": null,
                "volume_name": "d3a635566ea086981312351c5fa2275b625704880f1f63a2524644c090693d54"
              }
            ],
            "wait": false,
            "wait_timeout": 60,
            "working_dir": "/ipxe/src"
          },
          "sensitive_attributes": [],
          "private": "eyJzY2hlbWFfdmVyc2lvbiI6IjIifQ==",
          "dependencies": [
            "docker_image.ipxe",
            "docker_volume.matchbox_assets2"
          ]
        }
      ]
    },
    {
      "mode": "managed",
      "type": "docker_image",
      "name": "ipxe",
      "provider": "provider[\"registry.terraform.io/kreuzwerker/docker\"]",
      "instances": [
        {
          "schema_version": 0,
          "attributes": {
            "build": [
              {
                "auth_config": [],
                "build_arg": {},
                "build_args": {},
                "build_id": "",
                "cache_from": [],
                "cgroup_parent": "",
                "context": "ipxe",
                "cpu_period": 0,
                "cpu_quota": 0,
                "cpu_set_cpus": "",
                "cpu_set_mems": "",
                "cpu_shares": 0,
                "dockerfile": "Dockerfile",
                "extra_hosts": [],
                "force_remove": false,
                "isolation": "",
                "label": {},
                "labels": {},
                "memory": 0,
                "memory_swap": 0,
                "network_mode": "",
                "no_cache": false,
                "platform": "",
                "pull_parent": false,
                "remote_context": "",
                "remove": true,
                "security_opt": [],
                "session_id": "",
                "shm_size": 0,
                "squash": false,
                "suppress_output": false,
                "tag": [],
                "target": "",
                "ulimit": [],
                "version": ""
              }
            ],
            "force_remove": null,
            "id": "sha256:d6430c7ba434198b9bcae46b6f289499bab82b0e25772d8872265b9d6526d885ipxe-build",
            "image_id": "sha256:d6430c7ba434198b9bcae46b6f289499bab82b0e25772d8872265b9d6526d885",
            "keep_locally": false,
            "name": "ipxe-build",
            "platform": null,
            "pull_triggers": null,
            "repo_digest": "",
            "triggers": {
              "sha1": "35ebf4f3a3deb85de1d537d7c432ac5457e866ba"
            }
          },
          "sensitive_attributes": [],
          "private": "bnVsbA=="
        }
      ]
    },
    {
      "mode": "managed",
      "type": "docker_volume",
      "name": "matchbox_assets2",
      "provider": "provider[\"registry.terraform.io/kreuzwerker/docker\"]",
      "instances": [
        {
          "schema_version": 1,
          "attributes": {
            "driver": "local",
            "driver_opts": null,
            "id": "d3a635566ea086981312351c5fa2275b625704880f1f63a2524644c090693d54",
            "labels": [],
            "mountpoint": "/var/lib/docker/volumes/d3a635566ea086981312351c5fa2275b625704880f1f63a2524644c090693d54/_data",
            "name": "d3a635566ea086981312351c5fa2275b625704880f1f63a2524644c090693d54"
          },
          "sensitive_attributes": [],
          "private": "eyJzY2hlbWFfdmVyc2lvbiI6IjEifQ=="
        }
      ]
    },
    {
      "mode": "managed",
      "type": "tls_cert_request",
      "name": "matchbox_client",
      "provider": "provider[\"registry.terraform.io/hashicorp/tls\"]",
      "instances": [
        {
          "schema_version": 0,
          "attributes": {
            "cert_request_pem": "-----BEGIN CERTIFICATE REQUEST-----\nMIGyMGYCAQAwMzESMBAGA1UEChMJQUNNRSwgSW5jMR0wGwYDVQQDExR0ZXN0LW1h\ndGNoYm94LWNsaWVudDAqMAUGAytlcAMhAA0teqgtIPoZcre78GPZCMHrEt56hV4T\n3I3a0wzAPV6JoAAwBQYDK2VwA0EAyjE9pFlbATxHZtSyWOtjDLhaIWXyAEGbHEg1\n1eW+iOCYGeeTBdVeLf/6cJ0Wv3KllE0VJcQM8/mi0jH4PAvPBg==\n-----END CERTIFICATE REQUEST-----\n",
            "dns_names": null,
            "id": "552b7b2debb6145223146aaf3b51ca59d4a658db",
            "ip_addresses": null,
            "key_algorithm": "ED25519",
            "private_key_pem": "-----BEGIN PRIVATE KEY-----\nMC4CAQAwBQYDK2VwBCIEIH1RVZpQjeVmiFHCG9ZaX03DLP7/YS6Jt3b2FLhgPonV\n-----END PRIVATE KEY-----\n",
            "subject": [
              {
                "common_name": "test-matchbox-client",
                "country": null,
                "locality": null,
                "organization": "ACME, Inc",
                "organizational_unit": null,
                "postal_code": null,
                "province": null,
                "serial_number": null,
                "street_address": null
              }
            ],
            "uris": null
          },
          "sensitive_attributes": [
            [
              {
                "type": "get_attr",
                "value": "private_key_pem"
              }
            ]
          ],
          "dependencies": [
            "tls_private_key.matchbox_client"
          ]
        }
      ]
    },
    {
      "mode": "managed",
      "type": "tls_cert_request",
      "name": "matchbox_server",
      "provider": "provider[\"registry.terraform.io/hashicorp/tls\"]",
      "instances": [
        {
          "schema_version": 0,
          "attributes": {
            "cert_request_pem": "-----BEGIN CERTIFICATE REQUEST-----\nMIIBADCBswIBADAzMRIwEAYDVQQKEwlBQ01FLCBJbmMxHTAbBgNVBAMTFHRlc3Qt\nbWF0Y2hib3gtc2VydmVyMCowBQYDK2VwAyEA8+JA8sw+w/fJu87TZCYcM45JjFJ/\nTNka4i2PkBZlwyqgTTBLBgkqhkiG9w0BCQ4xPjA8MDoGA1UdEQQzMDGCCWxvY2Fs\naG9zdIIObG9jYWxob3N0OjgwODCCDmxvY2FsaG9zdDo4MDgxhwR/AAABMAUGAytl\ncANBAMsoJLWMMm7VrMBWJn/hkGs3h7PcRQ0Qy+Ln+LHBY7Sm9s3OO4BLWBIpCRIb\nRtKRBtZDXtKSSGL8PeT6/hc35QI=\n-----END CERTIFICATE REQUEST-----\n",
            "dns_names": [
              "localhost",
              "localhost:8080",
              "localhost:8081"
            ],
            "id": "939467156b8b64f117fef53c74cb0034f1c65fc1",
            "ip_addresses": [
              "127.0.0.1"
            ],
            "key_algorithm": "ED25519",
            "private_key_pem": "-----BEGIN PRIVATE KEY-----\nMC4CAQAwBQYDK2VwBCIEIPR3CtcLsEfVtqgguncE5NUE0AfejEvHhHtRvinc5I3S\n-----END PRIVATE KEY-----\n",
            "subject": [
              {
                "common_name": "test-matchbox-server",
                "country": null,
                "locality": null,
                "organization": "ACME, Inc",
                "organizational_unit": null,
                "postal_code": null,
                "province": null,
                "serial_number": null,
                "street_address": null
              }
            ],
            "uris": null
          },
          "sensitive_attributes": [
            [
              {
                "type": "get_attr",
                "value": "private_key_pem"
              }
            ]
          ],
          "dependencies": [
            "tls_private_key.matchbox_server"
          ]
        }
      ]
    },
    {
      "mode": "managed",
      "type": "tls_locally_signed_cert",
      "name": "matchbox_client",
      "provider": "provider[\"registry.terraform.io/hashicorp/tls\"]",
      "instances": [
        {
          "schema_version": 0,
          "attributes": {
            "allowed_uses": [
              "client_auth",
              "content_commitment",
              "digital_signature",
              "key_encipherment"
            ],
            "ca_cert_pem": "-----BEGIN CERTIFICATE-----\nMIIBXjCCARCgAwIBAgIQLhmH8/XD6zv7m/qJSQd+rzAFBgMrZXAwLzESMBAGA1UE\nChMJQUNNRSwgSW5jMRkwFwYDVQQDExB0ZXN0LW1hdGNoYm94LWNhMB4XDTIzMDgx\nODEzNDcyNFoXDTIzMDgxOTAxNDcyNFowLzESMBAGA1UEChMJQUNNRSwgSW5jMRkw\nFwYDVQQDExB0ZXN0LW1hdGNoYm94LWNhMCowBQYDK2VwAyEAV8JOEOLt8oAVLnEA\nFnUfueG9vT5y1Ad1XGcDZgcc9BKjQjBAMA4GA1UdDwEB/wQEAwIBhjAPBgNVHRMB\nAf8EBTADAQH/MB0GA1UdDgQWBBROf0tGixJEJAf0G8YGCxCLtURvRDAFBgMrZXAD\nQQDaT4bVRJHfC99fo7QijccUbBbVLE/iPU1qQ5tywNM9I8w2i7d+vWNHP1CrdZri\nbcfUd6toE/1JhDRC637qYRgK\n-----END CERTIFICATE-----\n",
            "ca_key_algorithm": "ED25519",
            "ca_private_key_pem": "-----BEGIN PRIVATE KEY-----\nMC4CAQAwBQYDK2VwBCIEIHY6BGsUXFL4zj44a5rRmi41QOQ1ytWKPPrb4KmdZY4u\n-----END PRIVATE KEY-----\n",
            "cert_pem": "-----BEGIN CERTIFICATE-----\nMIIBdjCCASigAwIBAgIQEQ1p0KuNXRHFcTM28bWyYTAFBgMrZXAwLzESMBAGA1UE\nChMJQUNNRSwgSW5jMRkwFwYDVQQDExB0ZXN0LW1hdGNoYm94LWNhMB4XDTIzMDgx\nODEzNDcyNFoXDTIzMDgxOTAxNDcyNFowMzESMBAGA1UEChMJQUNNRSwgSW5jMR0w\nGwYDVQQDExR0ZXN0LW1hdGNoYm94LWNsaWVudDAqMAUGAytlcAMhAA0teqgtIPoZ\ncre78GPZCMHrEt56hV4T3I3a0wzAPV6Jo1YwVDAOBgNVHQ8BAf8EBAMCBeAwEwYD\nVR0lBAwwCgYIKwYBBQUHAwIwDAYDVR0TAQH/BAIwADAfBgNVHSMEGDAWgBROf0tG\nixJEJAf0G8YGCxCLtURvRDAFBgMrZXADQQB8ymCBG2+kF14iqBut29ll/2TQW5pe\nwgk8PuF57SWGTiKDbps8kYXMwRD7P8CZipmJg97B8nX9U+8ixv25eCkH\n-----END CERTIFICATE-----\n",
            "cert_request_pem": "-----BEGIN CERTIFICATE REQUEST-----\nMIGyMGYCAQAwMzESMBAGA1UEChMJQUNNRSwgSW5jMR0wGwYDVQQDExR0ZXN0LW1h\ndGNoYm94LWNsaWVudDAqMAUGAytlcAMhAA0teqgtIPoZcre78GPZCMHrEt56hV4T\n3I3a0wzAPV6JoAAwBQYDK2VwA0EAyjE9pFlbATxHZtSyWOtjDLhaIWXyAEGbHEg1\n1eW+iOCYGeeTBdVeLf/6cJ0Wv3KllE0VJcQM8/mi0jH4PAvPBg==\n-----END CERTIFICATE REQUEST-----\n",
            "early_renewal_hours": 0,
            "id": "22666521973063543718832785000127378017",
            "is_ca_certificate": false,
            "ready_for_renewal": false,
            "set_subject_key_id": false,
            "validity_end_time": "2023-08-19T02:47:24.833664971+01:00",
            "validity_period_hours": 12,
            "validity_start_time": "2023-08-18T14:47:24.833664971+01:00"
          },
          "sensitive_attributes": [
            [
              {
                "type": "get_attr",
                "value": "ca_private_key_pem"
              }
            ]
          ],
          "dependencies": [
            "tls_cert_request.matchbox_client",
            "tls_private_key.matchbox_ca",
            "tls_private_key.matchbox_client",
            "tls_self_signed_cert.matchbox_ca"
          ]
        }
      ]
    },
    {
      "mode": "managed",
      "type": "tls_locally_signed_cert",
      "name": "matchbox_server",
      "provider": "provider[\"registry.terraform.io/hashicorp/tls\"]",
      "instances": [
        {
          "schema_version": 0,
          "attributes": {
            "allowed_uses": [
              "content_commitment",
              "digital_signature",
              "key_agreement",
              "key_encipherment",
              "server_auth"
            ],
            "ca_cert_pem": "-----BEGIN CERTIFICATE-----\nMIIBXjCCARCgAwIBAgIQLhmH8/XD6zv7m/qJSQd+rzAFBgMrZXAwLzESMBAGA1UE\nChMJQUNNRSwgSW5jMRkwFwYDVQQDExB0ZXN0LW1hdGNoYm94LWNhMB4XDTIzMDgx\nODEzNDcyNFoXDTIzMDgxOTAxNDcyNFowLzESMBAGA1UEChMJQUNNRSwgSW5jMRkw\nFwYDVQQDExB0ZXN0LW1hdGNoYm94LWNhMCowBQYDK2VwAyEAV8JOEOLt8oAVLnEA\nFnUfueG9vT5y1Ad1XGcDZgcc9BKjQjBAMA4GA1UdDwEB/wQEAwIBhjAPBgNVHRMB\nAf8EBTADAQH/MB0GA1UdDgQWBBROf0tGixJEJAf0G8YGCxCLtURvRDAFBgMrZXAD\nQQDaT4bVRJHfC99fo7QijccUbBbVLE/iPU1qQ5tywNM9I8w2i7d+vWNHP1CrdZri\nbcfUd6toE/1JhDRC637qYRgK\n-----END CERTIFICATE-----\n",
            "ca_key_algorithm": "ED25519",
            "ca_private_key_pem": "-----BEGIN PRIVATE KEY-----\nMC4CAQAwBQYDK2VwBCIEIHY6BGsUXFL4zj44a5rRmi41QOQ1ytWKPPrb4KmdZY4u\n-----END PRIVATE KEY-----\n",
            "cert_pem": "-----BEGIN CERTIFICATE-----\nMIIBtTCCAWegAwIBAgIRAN+cvaKRvRyT1m1IaQYsvgkwBQYDK2VwMC8xEjAQBgNV\nBAoTCUFDTUUsIEluYzEZMBcGA1UEAxMQdGVzdC1tYXRjaGJveC1jYTAeFw0yMzA4\nMTgxMzQ3MjRaFw0yMzA4MTkwMTQ3MjRaMDMxEjAQBgNVBAoTCUFDTUUsIEluYzEd\nMBsGA1UEAxMUdGVzdC1tYXRjaGJveC1zZXJ2ZXIwKjAFBgMrZXADIQDz4kDyzD7D\n98m7ztNkJhwzjkmMUn9M2RriLY+QFmXDKqOBkzCBkDAOBgNVHQ8BAf8EBAMCA+gw\nEwYDVR0lBAwwCgYIKwYBBQUHAwEwDAYDVR0TAQH/BAIwADAfBgNVHSMEGDAWgBRO\nf0tGixJEJAf0G8YGCxCLtURvRDA6BgNVHREEMzAxgglsb2NhbGhvc3SCDmxvY2Fs\naG9zdDo4MDgwgg5sb2NhbGhvc3Q6ODA4MYcEfwAAATAFBgMrZXADQQCNNDVWhXRN\nY+XhDPo6zi1eMt5MBsxcnAPkz8B+uOl3wdBcVknqUCKIuiUwiihqUIUBWV/KO+bL\nUvKrGLcX9X0F\n-----END CERTIFICATE-----\n",
            "cert_request_pem": "-----BEGIN CERTIFICATE REQUEST-----\nMIIBADCBswIBADAzMRIwEAYDVQQKEwlBQ01FLCBJbmMxHTAbBgNVBAMTFHRlc3Qt\nbWF0Y2hib3gtc2VydmVyMCowBQYDK2VwAyEA8+JA8sw+w/fJu87TZCYcM45JjFJ/\nTNka4i2PkBZlwyqgTTBLBgkqhkiG9w0BCQ4xPjA8MDoGA1UdEQQzMDGCCWxvY2Fs\naG9zdIIObG9jYWxob3N0OjgwODCCDmxvY2FsaG9zdDo4MDgxhwR/AAABMAUGAytl\ncANBAMsoJLWMMm7VrMBWJn/hkGs3h7PcRQ0Qy+Ln+LHBY7Sm9s3OO4BLWBIpCRIb\nRtKRBtZDXtKSSGL8PeT6/hc35QI=\n-----END CERTIFICATE REQUEST-----\n",
            "early_renewal_hours": 0,
            "id": "297231687625449038601518732631461379593",
            "is_ca_certificate": false,
            "ready_for_renewal": false,
            "set_subject_key_id": false,
            "validity_end_time": "2023-08-19T02:47:24.833656413+01:00",
            "validity_period_hours": 12,
            "validity_start_time": "2023-08-18T14:47:24.833656413+01:00"
          },
          "sensitive_attributes": [
            [
              {
                "type": "get_attr",
                "value": "ca_private_key_pem"
              }
            ]
          ],
          "dependencies": [
            "tls_cert_request.matchbox_server",
            "tls_private_key.matchbox_ca",
            "tls_private_key.matchbox_server",
            "tls_self_signed_cert.matchbox_ca"
          ]
        }
      ]
    },
    {
      "mode": "managed",
      "type": "tls_private_key",
      "name": "matchbox_ca",
      "provider": "provider[\"registry.terraform.io/hashicorp/tls\"]",
      "instances": [
        {
          "schema_version": 1,
          "attributes": {
            "algorithm": "ED25519",
            "ecdsa_curve": "P224",
            "id": "99e92ece7a0d1582b88e6babf8c28657b53979fe",
            "private_key_openssh": "-----BEGIN OPENSSH PRIVATE KEY-----\nb3BlbnNzaC1rZXktdjEAAAAABG5vbmUAAAAEbm9uZQAAAAAAAAABAAAAMwAAAAtz\nc2gtZWQyNTUxOQAAACBXwk4Q4u3ygBUucQAWdR+54b29PnLUB3VcZwNmBxz0EgAA\nAIhnD5sXZw+bFwAAAAtzc2gtZWQyNTUxOQAAACBXwk4Q4u3ygBUucQAWdR+54b29\nPnLUB3VcZwNmBxz0EgAAAEB2OgRrFFxS+M4+OGua0ZouNUDkNcrVijz62+CpnWWO\nLlfCThDi7fKAFS5xABZ1H7nhvb0+ctQHdVxnA2YHHPQSAAAAAAECAwQF\n-----END OPENSSH PRIVATE KEY-----\n",
            "private_key_pem": "-----BEGIN PRIVATE KEY-----\nMC4CAQAwBQYDK2VwBCIEIHY6BGsUXFL4zj44a5rRmi41QOQ1ytWKPPrb4KmdZY4u\n-----END PRIVATE KEY-----\n",
            "private_key_pem_pkcs8": "-----BEGIN PRIVATE KEY-----\nMC4CAQAwBQYDK2VwBCIEIHY6BGsUXFL4zj44a5rRmi41QOQ1ytWKPPrb4KmdZY4u\n-----END PRIVATE KEY-----\n",
            "public_key_fingerprint_md5": "cb:7c:8f:91:0b:a1:07:4d:b4:88:9e:ab:57:f6:6a:6a",
            "public_key_fingerprint_sha256": "SHA256:Hb6cY47LREq8QzO0p4G6rcKJsb+NErOMBUbSQzPTsso",
            "public_key_openssh": "ssh-ed25519 AAAAC3NzaC1lZDI1NTE5AAAAIFfCThDi7fKAFS5xABZ1H7nhvb0+ctQHdVxnA2YHHPQS\n",
            "public_key_pem": "-----BEGIN PUBLIC KEY-----\nMCowBQYDK2VwAyEAV8JOEOLt8oAVLnEAFnUfueG9vT5y1Ad1XGcDZgcc9BI=\n-----END PUBLIC KEY-----\n",
            "rsa_bits": 2048
          },
          "sensitive_attributes": []
        }
      ]
    },
    {
      "mode": "managed",
      "type": "tls_private_key",
      "name": "matchbox_client",
      "provider": "provider[\"registry.terraform.io/hashicorp/tls\"]",
      "instances": [
        {
          "schema_version": 1,
          "attributes": {
            "algorithm": "ED25519",
            "ecdsa_curve": "P224",
            "id": "9430a598aa9724b36177267e6aa03eae6894534b",
            "private_key_openssh": "-----BEGIN OPENSSH PRIVATE KEY-----\nb3BlbnNzaC1rZXktdjEAAAAABG5vbmUAAAAEbm9uZQAAAAAAAAABAAAAMwAAAAtz\nc2gtZWQyNTUxOQAAACANLXqoLSD6GXK3u/Bj2QjB6xLeeoVeE9yN2tMMwD1eiQAA\nAIivdTfhr3U34QAAAAtzc2gtZWQyNTUxOQAAACANLXqoLSD6GXK3u/Bj2QjB6xLe\neoVeE9yN2tMMwD1eiQAAAEB9UVWaUI3lZohRwhvWWl9Nwyz+/2Euibd29hS4YD6J\n1Q0teqgtIPoZcre78GPZCMHrEt56hV4T3I3a0wzAPV6JAAAAAAECAwQF\n-----END OPENSSH PRIVATE KEY-----\n",
            "private_key_pem": "-----BEGIN PRIVATE KEY-----\nMC4CAQAwBQYDK2VwBCIEIH1RVZpQjeVmiFHCG9ZaX03DLP7/YS6Jt3b2FLhgPonV\n-----END PRIVATE KEY-----\n",
            "private_key_pem_pkcs8": "-----BEGIN PRIVATE KEY-----\nMC4CAQAwBQYDK2VwBCIEIH1RVZpQjeVmiFHCG9ZaX03DLP7/YS6Jt3b2FLhgPonV\n-----END PRIVATE KEY-----\n",
            "public_key_fingerprint_md5": "20:de:71:58:8e:0b:35:ff:1a:d3:38:0c:68:8f:3e:ee",
            "public_key_fingerprint_sha256": "SHA256:CiYoVELOur+Q0AqQ9zqZpNPyUxKikIoBkOPMe6V3CDc",
            "public_key_openssh": "ssh-ed25519 AAAAC3NzaC1lZDI1NTE5AAAAIA0teqgtIPoZcre78GPZCMHrEt56hV4T3I3a0wzAPV6J\n",
            "public_key_pem": "-----BEGIN PUBLIC KEY-----\nMCowBQYDK2VwAyEADS16qC0g+hlyt7vwY9kIwesS3nqFXhPcjdrTDMA9Xok=\n-----END PUBLIC KEY-----\n",
            "rsa_bits": 2048
          },
          "sensitive_attributes": []
        }
      ]
    },
    {
      "mode": "managed",
      "type": "tls_private_key",
      "name": "matchbox_server",
      "provider": "provider[\"registry.terraform.io/hashicorp/tls\"]",
      "instances": [
        {
          "schema_version": 1,
          "attributes": {
            "algorithm": "ED25519",
            "ecdsa_curve": "P224",
            "id": "83a8820d5fd068825128ba2a0343f11d3962dee2",
            "private_key_openssh": "-----BEGIN OPENSSH PRIVATE KEY-----\nb3BlbnNzaC1rZXktdjEAAAAABG5vbmUAAAAEbm9uZQAAAAAAAAABAAAAMwAAAAtz\nc2gtZWQyNTUxOQAAACDz4kDyzD7D98m7ztNkJhwzjkmMUn9M2RriLY+QFmXDKgAA\nAIhF8OvzRfDr8wAAAAtzc2gtZWQyNTUxOQAAACDz4kDyzD7D98m7ztNkJhwzjkmM\nUn9M2RriLY+QFmXDKgAAAED0dwrXC7BH1baoILp3BOTVBNAH3oxLx4R7Ub4p3OSN\n0vPiQPLMPsP3ybvO02QmHDOOSYxSf0zZGuItj5AWZcMqAAAAAAECAwQF\n-----END OPENSSH PRIVATE KEY-----\n",
            "private_key_pem": "-----BEGIN PRIVATE KEY-----\nMC4CAQAwBQYDK2VwBCIEIPR3CtcLsEfVtqgguncE5NUE0AfejEvHhHtRvinc5I3S\n-----END PRIVATE KEY-----\n",
            "private_key_pem_pkcs8": "-----BEGIN PRIVATE KEY-----\nMC4CAQAwBQYDK2VwBCIEIPR3CtcLsEfVtqgguncE5NUE0AfejEvHhHtRvinc5I3S\n-----END PRIVATE KEY-----\n",
            "public_key_fingerprint_md5": "87:c6:e7:a4:58:2a:23:4e:03:15:7a:26:c3:eb:2a:85",
            "public_key_fingerprint_sha256": "SHA256:NoyJOwPiQ+lpgv+iB0KN2NlGmsiXdMzBKgfKFsDCpxo",
            "public_key_openssh": "ssh-ed25519 AAAAC3NzaC1lZDI1NTE5AAAAIPPiQPLMPsP3ybvO02QmHDOOSYxSf0zZGuItj5AWZcMq\n",
            "public_key_pem": "-----BEGIN PUBLIC KEY-----\nMCowBQYDK2VwAyEA8+JA8sw+w/fJu87TZCYcM45JjFJ/TNka4i2PkBZlwyo=\n-----END PUBLIC KEY-----\n",
            "rsa_bits": 2048
          },
          "sensitive_attributes": []
        }
      ]
    },
    {
      "mode": "managed",
      "type": "tls_self_signed_cert",
      "name": "matchbox_ca",
      "provider": "provider[\"registry.terraform.io/hashicorp/tls\"]",
      "instances": [
        {
          "schema_version": 0,
          "attributes": {
            "allowed_uses": [
              "cert_signing",
              "crl_signing",
              "digital_signature"
            ],
            "cert_pem": "-----BEGIN CERTIFICATE-----\nMIIBXjCCARCgAwIBAgIQLhmH8/XD6zv7m/qJSQd+rzAFBgMrZXAwLzESMBAGA1UE\nChMJQUNNRSwgSW5jMRkwFwYDVQQDExB0ZXN0LW1hdGNoYm94LWNhMB4XDTIzMDgx\nODEzNDcyNFoXDTIzMDgxOTAxNDcyNFowLzESMBAGA1UEChMJQUNNRSwgSW5jMRkw\nFwYDVQQDExB0ZXN0LW1hdGNoYm94LWNhMCowBQYDK2VwAyEAV8JOEOLt8oAVLnEA\nFnUfueG9vT5y1Ad1XGcDZgcc9BKjQjBAMA4GA1UdDwEB/wQEAwIBhjAPBgNVHRMB\nAf8EBTADAQH/MB0GA1UdDgQWBBROf0tGixJEJAf0G8YGCxCLtURvRDAFBgMrZXAD\nQQDaT4bVRJHfC99fo7QijccUbBbVLE/iPU1qQ5tywNM9I8w2i7d+vWNHP1CrdZri\nbcfUd6toE/1JhDRC637qYRgK\n-----END CERTIFICATE-----\n",
            "dns_names": null,
            "early_renewal_hours": 0,
            "id": "61277052681370163589695784725810478767",
            "ip_addresses": null,
            "is_ca_certificate": true,
            "key_algorithm": "ED25519",
            "private_key_pem": "-----BEGIN PRIVATE KEY-----\nMC4CAQAwBQYDK2VwBCIEIHY6BGsUXFL4zj44a5rRmi41QOQ1ytWKPPrb4KmdZY4u\n-----END PRIVATE KEY-----\n",
            "ready_for_renewal": false,
            "set_authority_key_id": false,
            "set_subject_key_id": false,
            "subject": [
              {
                "common_name": "test-matchbox-ca",
                "country": null,
                "locality": null,
                "organization": "ACME, Inc",
                "organizational_unit": null,
                "postal_code": null,
                "province": null,
                "serial_number": null,
                "street_address": null
              }
            ],
            "uris": null,
            "validity_end_time": "2023-08-19T02:47:24.816609242+01:00",
            "validity_period_hours": 12,
            "validity_start_time": "2023-08-18T14:47:24.816609242+01:00"
          },
          "sensitive_attributes": [
            [
              {
                "type": "get_attr",
                "value": "private_key_pem"
              }
            ]
          ],
          "dependencies": [
            "tls_private_key.matchbox_ca"
          ]
        }
      ]
    }
  ],
  "check_results": null
}
